
Microsoft Visual Studio Solution File, Format Version 12.00
# Visual Studio 15
VisualStudioVersion = 15.0.26124.0
MinimumVisualStudioVersion = 15.0.26124.0
Project("{FAE04EC0-301F-11D3-BF4B-00C04F79EFBC}") = "Microsoft.Graph.Identity.TermsOfUse", "Identity.TermsOfUse\Microsoft.Graph.Identity.TermsOfUse.csproj", "{EE657203-308E-46E3-9C3B-6C63EE5C424E}"
EndProject
Global
	GlobalSection(SolutionProperties) = preSolution
		HideSolutionNode = FALSE
	EndGlobalSection
	GlobalSection(SolutionConfigurationPlatforms) = preSolution
		Debug|Any CPU = Debug|Any CPU
		Debug|x64 = Debug|x64
		Debug|x86 = Debug|x86
		Release|Any CPU = Release|Any CPU
		Release|x64 = Release|x64
		Release|x86 = Release|x86
	EndGlobalSection
	GlobalSection(ProjectConfigurationPlatforms) = postSolution
		{EE657203-308E-46E3-9C3B-6C63EE5C424E}.Debug|Any CPU.ActiveCfg = Debug|Any CPU
		{EE657203-308E-46E3-9C3B-6C63EE5C424E}.Debug|Any CPU.Build.0 = Debug|Any CPU
		{EE657203-308E-46E3-9C3B-6C63EE5C424E}.Debug|x64.ActiveCfg = Debug|Any CPU
		{EE657203-308E-46E3-9C3B-6C63EE5C424E}.Debug|x64.Build.0 = Debug|Any CPU
		{EE657203-308E-46E3-9C3B-6C63EE5C424E}.Debug|x86.ActiveCfg = Debug|Any CPU
		{EE657203-308E-46E3-9C3B-6C63EE5C424E}.Debug|x86.Build.0 = Debug|Any CPU
		{EE657203-308E-46E3-9C3B-6C63EE5C424E}.Release|Any CPU.ActiveCfg = Release|Any CPU
		{EE657203-308E-46E3-9C3B-6C63EE5C424E}.Release|Any CPU.Build.0 = Release|Any CPU
		{EE657203-308E-46E3-9C3B-6C63EE5C424E}.Release|x64.ActiveCfg = Release|Any CPU
		{EE657203-308E-46E3-9C3B-6C63EE5C424E}.Release|x64.Build.0 = Release|Any CPU
		{EE657203-308E-46E3-9C3B-6C63EE5C424E}.Release|x86.ActiveCfg = Release|Any CPU
		{EE657203-308E-46E3-9C3B-6C63EE5C424E}.Release|x86.Build.0 = Release|Any CPU
	EndGlobalSection
EndGlobal
