
Microsoft Visual Studio Solution File, Format Version 12.00
# Visual Studio Version 16
VisualStudioVersion = 16.0.29201.188
MinimumVisualStudioVersion = 10.0.40219.1
Project("{9A19103F-16F7-4668-BE54-9A1E7A4F7556}") = "Microsoft.Graph.Authentication", "Authentication\Microsoft.Graph.Authentication.csproj", "{44FF315A-27B2-4401-81A9-1912E6511EE6}"
EndProject
Project("{9A19103F-16F7-4668-BE54-9A1E7A4F7556}") = "Microsoft.Graph.Authentication.Test", "Authentication.Test\Microsoft.Graph.Authentication.Test.csproj", "{416590B4-3A91-4B0D-9B40-3F69438B6D85}"
EndProject
Project("{9A19103F-16F7-4668-BE54-9A1E7A4F7556}") = "Microsoft.Graph.Authentication.Core", "Authentication.Core\Microsoft.Graph.Authentication.Core.csproj", "{50050576-74B8-4507-B1FE-C47740BB3B71}"
EndProject
Global
	GlobalSection(SolutionConfigurationPlatforms) = preSolution
		Debug|Any CPU = Debug|Any CPU
		Release|Any CPU = Release|Any CPU
	EndGlobalSection
	GlobalSection(ProjectConfigurationPlatforms) = postSolution
		{44FF315A-27B2-4401-81A9-1912E6511EE6}.Debug|Any CPU.ActiveCfg = Debug|Any CPU
		{44FF315A-27B2-4401-81A9-1912E6511EE6}.Debug|Any CPU.Build.0 = Debug|Any CPU
		{44FF315A-27B2-4401-81A9-1912E6511EE6}.Release|Any CPU.ActiveCfg = Release|Any CPU
		{44FF315A-27B2-4401-81A9-1912E6511EE6}.Release|Any CPU.Build.0 = Release|Any CPU
		{416590B4-3A91-4B0D-9B40-3F69438B6D85}.Debug|Any CPU.ActiveCfg = Debug|Any CPU
		{416590B4-3A91-4B0D-9B40-3F69438B6D85}.Debug|Any CPU.Build.0 = Debug|Any CPU
		{416590B4-3A91-4B0D-9B40-3F69438B6D85}.Release|Any CPU.ActiveCfg = Release|Any CPU
		{416590B4-3A91-4B0D-9B40-3F69438B6D85}.Release|Any CPU.Build.0 = Release|Any CPU
		{50050576-74B8-4507-B1FE-C47740BB3B71}.Debug|Any CPU.ActiveCfg = Debug|Any CPU
		{50050576-74B8-4507-B1FE-C47740BB3B71}.Debug|Any CPU.Build.0 = Debug|Any CPU
		{50050576-74B8-4507-B1FE-C47740BB3B71}.Release|Any CPU.ActiveCfg = Release|Any CPU
		{50050576-74B8-4507-B1FE-C47740BB3B71}.Release|Any CPU.Build.0 = Release|Any CPU
	EndGlobalSection
	GlobalSection(SolutionProperties) = preSolution
		HideSolutionNode = FALSE
	EndGlobalSection
	GlobalSection(ExtensibilityGlobals) = postSolution
		SolutionGuid = {A9871048-63A2-4F7A-9964-910674BD72A3}
	EndGlobalSection
EndGlobal
