
Microsoft Visual Studio Solution File, Format Version 12.00
# Visual Studio 15
VisualStudioVersion = 15.0.26124.0
MinimumVisualStudioVersion = 15.0.26124.0
Project("{FAE04EC0-301F-11D3-BF4B-00C04F79EFBC}") = "Microsoft.Graph.Identity.Policies", "Identity.Policies\Microsoft.Graph.Identity.Policies.csproj", "{DDE8D27F-C945-44F1-A8AE-2B996CA9057F}"
EndProject
Global
	GlobalSection(SolutionProperties) = preSolution
		HideSolutionNode = FALSE
	EndGlobalSection
	GlobalSection(SolutionConfigurationPlatforms) = preSolution
		Debug|Any CPU = Debug|Any CPU
		Debug|x64 = Debug|x64
		Debug|x86 = Debug|x86
		Release|Any CPU = Release|Any CPU
		Release|x64 = Release|x64
		Release|x86 = Release|x86
	EndGlobalSection
	GlobalSection(ProjectConfigurationPlatforms) = postSolution
		{DDE8D27F-C945-44F1-A8AE-2B996CA9057F}.Debug|Any CPU.ActiveCfg = Debug|Any CPU
		{DDE8D27F-C945-44F1-A8AE-2B996CA9057F}.Debug|Any CPU.Build.0 = Debug|Any CPU
		{DDE8D27F-C945-44F1-A8AE-2B996CA9057F}.Debug|x64.ActiveCfg = Debug|Any CPU
		{DDE8D27F-C945-44F1-A8AE-2B996CA9057F}.Debug|x64.Build.0 = Debug|Any CPU
		{DDE8D27F-C945-44F1-A8AE-2B996CA9057F}.Debug|x86.ActiveCfg = Debug|Any CPU
		{DDE8D27F-C945-44F1-A8AE-2B996CA9057F}.Debug|x86.Build.0 = Debug|Any CPU
		{DDE8D27F-C945-44F1-A8AE-2B996CA9057F}.Release|Any CPU.ActiveCfg = Release|Any CPU
		{DDE8D27F-C945-44F1-A8AE-2B996CA9057F}.Release|Any CPU.Build.0 = Release|Any CPU
		{DDE8D27F-C945-44F1-A8AE-2B996CA9057F}.Release|x64.ActiveCfg = Release|Any CPU
		{DDE8D27F-C945-44F1-A8AE-2B996CA9057F}.Release|x64.Build.0 = Release|Any CPU
		{DDE8D27F-C945-44F1-A8AE-2B996CA9057F}.Release|x86.ActiveCfg = Release|Any CPU
		{DDE8D27F-C945-44F1-A8AE-2B996CA9057F}.Release|x86.Build.0 = Release|Any CPU
	EndGlobalSection
EndGlobal
