
Microsoft Visual Studio Solution File, Format Version 12.00
# Visual Studio 15
VisualStudioVersion = 15.0.26124.0
MinimumVisualStudioVersion = 15.0.26124.0
Project("{FAE04EC0-301F-11D3-BF4B-00C04F79EFBC}") = "Microsoft.Graph.Beta.Identity.Providers", "Identity.Providers\Microsoft.Graph.Beta.Identity.Providers.csproj", "{645ED85A-2375-44E9-B8C6-76F35430246C}"
EndProject
Global
	GlobalSection(SolutionConfigurationPlatforms) = preSolution
		Debug|Any CPU = Debug|Any CPU
		Debug|x64 = Debug|x64
		Debug|x86 = Debug|x86
		Release|Any CPU = Release|Any CPU
		Release|x64 = Release|x64
		Release|x86 = Release|x86
	EndGlobalSection
	GlobalSection(SolutionProperties) = preSolution
		HideSolutionNode = FALSE
	EndGlobalSection
	GlobalSection(ProjectConfigurationPlatforms) = postSolution
		{645ED85A-2375-44E9-B8C6-76F35430246C}.Debug|Any CPU.ActiveCfg = Debug|Any CPU
		{645ED85A-2375-44E9-B8C6-76F35430246C}.Debug|Any CPU.Build.0 = Debug|Any CPU
		{645ED85A-2375-44E9-B8C6-76F35430246C}.Debug|x64.ActiveCfg = Debug|Any CPU
		{645ED85A-2375-44E9-B8C6-76F35430246C}.Debug|x64.Build.0 = Debug|Any CPU
		{645ED85A-2375-44E9-B8C6-76F35430246C}.Debug|x86.ActiveCfg = Debug|Any CPU
		{645ED85A-2375-44E9-B8C6-76F35430246C}.Debug|x86.Build.0 = Debug|Any CPU
		{645ED85A-2375-44E9-B8C6-76F35430246C}.Release|Any CPU.ActiveCfg = Release|Any CPU
		{645ED85A-2375-44E9-B8C6-76F35430246C}.Release|Any CPU.Build.0 = Release|Any CPU
		{645ED85A-2375-44E9-B8C6-76F35430246C}.Release|x64.ActiveCfg = Release|Any CPU
		{645ED85A-2375-44E9-B8C6-76F35430246C}.Release|x64.Build.0 = Release|Any CPU
		{645ED85A-2375-44E9-B8C6-76F35430246C}.Release|x86.ActiveCfg = Release|Any CPU
		{645ED85A-2375-44E9-B8C6-76F35430246C}.Release|x86.Build.0 = Release|Any CPU
	EndGlobalSection
EndGlobal
