
Microsoft Visual Studio Solution File, Format Version 12.00
# Visual Studio 15
VisualStudioVersion = 15.0.26124.0
MinimumVisualStudioVersion = 15.0.26124.0
Project("{FAE04EC0-301F-11D3-BF4B-00C04F79EFBC}") = "Microsoft.Graph.Users.Functions", "Users.Functions\Microsoft.Graph.Users.Functions.csproj", "{467860E9-F954-4244-B0CF-8AAE057E22DB}"
EndProject
Global
	GlobalSection(SolutionProperties) = preSolution
		HideSolutionNode = FALSE
	EndGlobalSection
	GlobalSection(SolutionConfigurationPlatforms) = preSolution
		Debug|Any CPU = Debug|Any CPU
		Debug|x64 = Debug|x64
		Debug|x86 = Debug|x86
		Release|Any CPU = Release|Any CPU
		Release|x64 = Release|x64
		Release|x86 = Release|x86
	EndGlobalSection
	GlobalSection(ProjectConfigurationPlatforms) = postSolution
		{467860E9-F954-4244-B0CF-8AAE057E22DB}.Debug|Any CPU.ActiveCfg = Debug|Any CPU
		{467860E9-F954-4244-B0CF-8AAE057E22DB}.Debug|Any CPU.Build.0 = Debug|Any CPU
		{467860E9-F954-4244-B0CF-8AAE057E22DB}.Debug|x64.ActiveCfg = Debug|Any CPU
		{467860E9-F954-4244-B0CF-8AAE057E22DB}.Debug|x64.Build.0 = Debug|Any CPU
		{467860E9-F954-4244-B0CF-8AAE057E22DB}.Debug|x86.ActiveCfg = Debug|Any CPU
		{467860E9-F954-4244-B0CF-8AAE057E22DB}.Debug|x86.Build.0 = Debug|Any CPU
		{467860E9-F954-4244-B0CF-8AAE057E22DB}.Release|Any CPU.ActiveCfg = Release|Any CPU
		{467860E9-F954-4244-B0CF-8AAE057E22DB}.Release|Any CPU.Build.0 = Release|Any CPU
		{467860E9-F954-4244-B0CF-8AAE057E22DB}.Release|x64.ActiveCfg = Release|Any CPU
		{467860E9-F954-4244-B0CF-8AAE057E22DB}.Release|x64.Build.0 = Release|Any CPU
		{467860E9-F954-4244-B0CF-8AAE057E22DB}.Release|x86.ActiveCfg = Release|Any CPU
		{467860E9-F954-4244-B0CF-8AAE057E22DB}.Release|x86.Build.0 = Release|Any CPU
	EndGlobalSection
EndGlobal
