
Microsoft Visual Studio Solution File, Format Version 12.00
# Visual Studio 15
VisualStudioVersion = 15.0.26124.0
MinimumVisualStudioVersion = 15.0.26124.0
Project("{FAE04EC0-301F-11D3-BF4B-00C04F79EFBC}") = "Microsoft.Graph.Beta.Places", "Places\Microsoft.Graph.Beta.Places.csproj", "{F69C8BB4-E782-42D5-A9D1-D85223560C2B}"
EndProject
Global
	GlobalSection(SolutionConfigurationPlatforms) = preSolution
		Debug|Any CPU = Debug|Any CPU
		Debug|x64 = Debug|x64
		Debug|x86 = Debug|x86
		Release|Any CPU = Release|Any CPU
		Release|x64 = Release|x64
		Release|x86 = Release|x86
	EndGlobalSection
	GlobalSection(SolutionProperties) = preSolution
		HideSolutionNode = FALSE
	EndGlobalSection
	GlobalSection(ProjectConfigurationPlatforms) = postSolution
		{F69C8BB4-E782-42D5-A9D1-D85223560C2B}.Debug|Any CPU.ActiveCfg = Debug|Any CPU
		{F69C8BB4-E782-42D5-A9D1-D85223560C2B}.Debug|Any CPU.Build.0 = Debug|Any CPU
		{F69C8BB4-E782-42D5-A9D1-D85223560C2B}.Debug|x64.ActiveCfg = Debug|Any CPU
		{F69C8BB4-E782-42D5-A9D1-D85223560C2B}.Debug|x64.Build.0 = Debug|Any CPU
		{F69C8BB4-E782-42D5-A9D1-D85223560C2B}.Debug|x86.ActiveCfg = Debug|Any CPU
		{F69C8BB4-E782-42D5-A9D1-D85223560C2B}.Debug|x86.Build.0 = Debug|Any CPU
		{F69C8BB4-E782-42D5-A9D1-D85223560C2B}.Release|Any CPU.ActiveCfg = Release|Any CPU
		{F69C8BB4-E782-42D5-A9D1-D85223560C2B}.Release|Any CPU.Build.0 = Release|Any CPU
		{F69C8BB4-E782-42D5-A9D1-D85223560C2B}.Release|x64.ActiveCfg = Release|Any CPU
		{F69C8BB4-E782-42D5-A9D1-D85223560C2B}.Release|x64.Build.0 = Release|Any CPU
		{F69C8BB4-E782-42D5-A9D1-D85223560C2B}.Release|x86.ActiveCfg = Release|Any CPU
		{F69C8BB4-E782-42D5-A9D1-D85223560C2B}.Release|x86.Build.0 = Release|Any CPU
	EndGlobalSection
EndGlobal
