
Microsoft Visual Studio Solution File, Format Version 12.00
# Visual Studio 15
VisualStudioVersion = 15.0.26124.0
MinimumVisualStudioVersion = 15.0.26124.0
Project("{FAE04EC0-301F-11D3-BF4B-00C04F79EFBC}") = "Microsoft.Graph.Beta.Identity.Protection", "Identity.Protection\Microsoft.Graph.Beta.Identity.Protection.csproj", "{24CFDEC7-09DC-46BD-ABB0-8E99A2B7BFCE}"
EndProject
Global
	GlobalSection(SolutionConfigurationPlatforms) = preSolution
		Debug|Any CPU = Debug|Any CPU
		Debug|x64 = Debug|x64
		Debug|x86 = Debug|x86
		Release|Any CPU = Release|Any CPU
		Release|x64 = Release|x64
		Release|x86 = Release|x86
	EndGlobalSection
	GlobalSection(SolutionProperties) = preSolution
		HideSolutionNode = FALSE
	EndGlobalSection
	GlobalSection(ProjectConfigurationPlatforms) = postSolution
		{24CFDEC7-09DC-46BD-ABB0-8E99A2B7BFCE}.Debug|Any CPU.ActiveCfg = Debug|Any CPU
		{24CFDEC7-09DC-46BD-ABB0-8E99A2B7BFCE}.Debug|Any CPU.Build.0 = Debug|Any CPU
		{24CFDEC7-09DC-46BD-ABB0-8E99A2B7BFCE}.Debug|x64.ActiveCfg = Debug|Any CPU
		{24CFDEC7-09DC-46BD-ABB0-8E99A2B7BFCE}.Debug|x64.Build.0 = Debug|Any CPU
		{24CFDEC7-09DC-46BD-ABB0-8E99A2B7BFCE}.Debug|x86.ActiveCfg = Debug|Any CPU
		{24CFDEC7-09DC-46BD-ABB0-8E99A2B7BFCE}.Debug|x86.Build.0 = Debug|Any CPU
		{24CFDEC7-09DC-46BD-ABB0-8E99A2B7BFCE}.Release|Any CPU.ActiveCfg = Release|Any CPU
		{24CFDEC7-09DC-46BD-ABB0-8E99A2B7BFCE}.Release|Any CPU.Build.0 = Release|Any CPU
		{24CFDEC7-09DC-46BD-ABB0-8E99A2B7BFCE}.Release|x64.ActiveCfg = Release|Any CPU
		{24CFDEC7-09DC-46BD-ABB0-8E99A2B7BFCE}.Release|x64.Build.0 = Release|Any CPU
		{24CFDEC7-09DC-46BD-ABB0-8E99A2B7BFCE}.Release|x86.ActiveCfg = Release|Any CPU
		{24CFDEC7-09DC-46BD-ABB0-8E99A2B7BFCE}.Release|x86.Build.0 = Release|Any CPU
	EndGlobalSection
EndGlobal
