
Microsoft Visual Studio Solution File, Format Version 12.00
# Visual Studio 15
VisualStudioVersion = 15.0.26124.0
MinimumVisualStudioVersion = 15.0.26124.0
Project("{FAE04EC0-301F-11D3-BF4B-00C04F79EFBC}") = "Mg.Sites.Drive", "Sites.Drive\Mg.Sites.Drive.csproj", "{054CA75E-7584-4D73-8B16-CD2D1101F8BA}"
EndProject
Global
	GlobalSection(SolutionConfigurationPlatforms) = preSolution
		Debug|Any CPU = Debug|Any CPU
		Debug|x64 = Debug|x64
		Debug|x86 = Debug|x86
		Release|Any CPU = Release|Any CPU
		Release|x64 = Release|x64
		Release|x86 = Release|x86
	EndGlobalSection
	GlobalSection(SolutionProperties) = preSolution
		HideSolutionNode = FALSE
	EndGlobalSection
	GlobalSection(ProjectConfigurationPlatforms) = postSolution
		{054CA75E-7584-4D73-8B16-CD2D1101F8BA}.Debug|Any CPU.ActiveCfg = Debug|Any CPU
		{054CA75E-7584-4D73-8B16-CD2D1101F8BA}.Debug|Any CPU.Build.0 = Debug|Any CPU
		{054CA75E-7584-4D73-8B16-CD2D1101F8BA}.Debug|x64.ActiveCfg = Debug|Any CPU
		{054CA75E-7584-4D73-8B16-CD2D1101F8BA}.Debug|x64.Build.0 = Debug|Any CPU
		{054CA75E-7584-4D73-8B16-CD2D1101F8BA}.Debug|x86.ActiveCfg = Debug|Any CPU
		{054CA75E-7584-4D73-8B16-CD2D1101F8BA}.Debug|x86.Build.0 = Debug|Any CPU
		{054CA75E-7584-4D73-8B16-CD2D1101F8BA}.Release|Any CPU.ActiveCfg = Release|Any CPU
		{054CA75E-7584-4D73-8B16-CD2D1101F8BA}.Release|Any CPU.Build.0 = Release|Any CPU
		{054CA75E-7584-4D73-8B16-CD2D1101F8BA}.Release|x64.ActiveCfg = Release|Any CPU
		{054CA75E-7584-4D73-8B16-CD2D1101F8BA}.Release|x64.Build.0 = Release|Any CPU
		{054CA75E-7584-4D73-8B16-CD2D1101F8BA}.Release|x86.ActiveCfg = Release|Any CPU
		{054CA75E-7584-4D73-8B16-CD2D1101F8BA}.Release|x86.Build.0 = Release|Any CPU
	EndGlobalSection
EndGlobal
