
Microsoft Visual Studio Solution File, Format Version 12.00
# Visual Studio 15
VisualStudioVersion = 15.0.26124.0
MinimumVisualStudioVersion = 15.0.26124.0
Project("{FAE04EC0-301F-11D3-BF4B-00C04F79EFBC}") = "Microsoft.Graph.Beta.Teams.AppCatalogs", "Teams.AppCatalogs\Microsoft.Graph.Beta.Teams.AppCatalogs.csproj", "{F98D907C-3E6C-4A63-BEE1-9BB8E2A865AA}"
EndProject
Global
	GlobalSection(SolutionConfigurationPlatforms) = preSolution
		Debug|Any CPU = Debug|Any CPU
		Debug|x64 = Debug|x64
		Debug|x86 = Debug|x86
		Release|Any CPU = Release|Any CPU
		Release|x64 = Release|x64
		Release|x86 = Release|x86
	EndGlobalSection
	GlobalSection(SolutionProperties) = preSolution
		HideSolutionNode = FALSE
	EndGlobalSection
	GlobalSection(ProjectConfigurationPlatforms) = postSolution
		{F98D907C-3E6C-4A63-BEE1-9BB8E2A865AA}.Debug|Any CPU.ActiveCfg = Debug|Any CPU
		{F98D907C-3E6C-4A63-BEE1-9BB8E2A865AA}.Debug|Any CPU.Build.0 = Debug|Any CPU
		{F98D907C-3E6C-4A63-BEE1-9BB8E2A865AA}.Debug|x64.ActiveCfg = Debug|Any CPU
		{F98D907C-3E6C-4A63-BEE1-9BB8E2A865AA}.Debug|x64.Build.0 = Debug|Any CPU
		{F98D907C-3E6C-4A63-BEE1-9BB8E2A865AA}.Debug|x86.ActiveCfg = Debug|Any CPU
		{F98D907C-3E6C-4A63-BEE1-9BB8E2A865AA}.Debug|x86.Build.0 = Debug|Any CPU
		{F98D907C-3E6C-4A63-BEE1-9BB8E2A865AA}.Release|Any CPU.ActiveCfg = Release|Any CPU
		{F98D907C-3E6C-4A63-BEE1-9BB8E2A865AA}.Release|Any CPU.Build.0 = Release|Any CPU
		{F98D907C-3E6C-4A63-BEE1-9BB8E2A865AA}.Release|x64.ActiveCfg = Release|Any CPU
		{F98D907C-3E6C-4A63-BEE1-9BB8E2A865AA}.Release|x64.Build.0 = Release|Any CPU
		{F98D907C-3E6C-4A63-BEE1-9BB8E2A865AA}.Release|x86.ActiveCfg = Release|Any CPU
		{F98D907C-3E6C-4A63-BEE1-9BB8E2A865AA}.Release|x86.Build.0 = Release|Any CPU
	EndGlobalSection
EndGlobal
