
Microsoft Visual Studio Solution File, Format Version 12.00
# Visual Studio 15
VisualStudioVersion = 15.0.26124.0
MinimumVisualStudioVersion = 15.0.26124.0
Project("{FAE04EC0-301F-11D3-BF4B-00C04F79EFBC}") = "Microsoft.Graph.Beta.Users.Calendar", "Users.Calendar\Microsoft.Graph.Beta.Users.Calendar.csproj", "{8CCB7DA9-5222-4135-BB15-EE0B9E436BBA}"
EndProject
Global
	GlobalSection(SolutionConfigurationPlatforms) = preSolution
		Debug|Any CPU = Debug|Any CPU
		Debug|x64 = Debug|x64
		Debug|x86 = Debug|x86
		Release|Any CPU = Release|Any CPU
		Release|x64 = Release|x64
		Release|x86 = Release|x86
	EndGlobalSection
	GlobalSection(SolutionProperties) = preSolution
		HideSolutionNode = FALSE
	EndGlobalSection
	GlobalSection(ProjectConfigurationPlatforms) = postSolution
		{8CCB7DA9-5222-4135-BB15-EE0B9E436BBA}.Debug|Any CPU.ActiveCfg = Debug|Any CPU
		{8CCB7DA9-5222-4135-BB15-EE0B9E436BBA}.Debug|Any CPU.Build.0 = Debug|Any CPU
		{8CCB7DA9-5222-4135-BB15-EE0B9E436BBA}.Debug|x64.ActiveCfg = Debug|Any CPU
		{8CCB7DA9-5222-4135-BB15-EE0B9E436BBA}.Debug|x64.Build.0 = Debug|Any CPU
		{8CCB7DA9-5222-4135-BB15-EE0B9E436BBA}.Debug|x86.ActiveCfg = Debug|Any CPU
		{8CCB7DA9-5222-4135-BB15-EE0B9E436BBA}.Debug|x86.Build.0 = Debug|Any CPU
		{8CCB7DA9-5222-4135-BB15-EE0B9E436BBA}.Release|Any CPU.ActiveCfg = Release|Any CPU
		{8CCB7DA9-5222-4135-BB15-EE0B9E436BBA}.Release|Any CPU.Build.0 = Release|Any CPU
		{8CCB7DA9-5222-4135-BB15-EE0B9E436BBA}.Release|x64.ActiveCfg = Release|Any CPU
		{8CCB7DA9-5222-4135-BB15-EE0B9E436BBA}.Release|x64.Build.0 = Release|Any CPU
		{8CCB7DA9-5222-4135-BB15-EE0B9E436BBA}.Release|x86.ActiveCfg = Release|Any CPU
		{8CCB7DA9-5222-4135-BB15-EE0B9E436BBA}.Release|x86.Build.0 = Release|Any CPU
	EndGlobalSection
EndGlobal
